
Microsoft Visual Studio Solution File, Format Version 12.00
# Visual Studio Version 17
VisualStudioVersion = 17.11.35303.130
MinimumVisualStudioVersion = 10.0.40219.1
Project("{FAE04EC0-301F-11D3-BF4B-00C04F79EFBC}") = "T1 - Semester Test", "T1 - Semester Test\T1 - Semester Test.csproj", "{D45D8658-4DD0-4128-830B-5E4AC2717993}"
EndProject
Global
	GlobalSection(SolutionConfigurationPlatforms) = preSolution
		Debug|Any CPU = Debug|Any CPU
		Release|Any CPU = Release|Any CPU
	EndGlobalSection
	GlobalSection(ProjectConfigurationPlatforms) = postSolution
		{D45D8658-4DD0-4128-830B-5E4AC2717993}.Debug|Any CPU.ActiveCfg = Debug|Any CPU
		{D45D8658-4DD0-4128-830B-5E4AC2717993}.Debug|Any CPU.Build.0 = Debug|Any CPU
		{D45D8658-4DD0-4128-830B-5E4AC2717993}.Release|Any CPU.ActiveCfg = Release|Any CPU
		{D45D8658-4DD0-4128-830B-5E4AC2717993}.Release|Any CPU.Build.0 = Release|Any CPU
	EndGlobalSection
	GlobalSection(SolutionProperties) = preSolution
		HideSolutionNode = FALSE
	EndGlobalSection
	GlobalSection(ExtensibilityGlobals) = postSolution
		SolutionGuid = {5AAF1891-3E36-459C-9075-B70B5097E350}
	EndGlobalSection
EndGlobal
